
Microsoft Visual Studio Solution File, Format Version 12.00
# Visual Studio Version 16
VisualStudioVersion = 16.0.30717.126
MinimumVisualStudioVersion = 10.0.40219.1
Project("{FAE04EC0-301F-11D3-BF4B-00C04F79EFBC}") = "JobCard", "JobCard.csproj", "{0F69A709-C236-422B-BA08-9D7D9A75ABCA}"
EndProject
Global
	GlobalSection(SolutionConfigurationPlatforms) = preSolution
		Debug|Any CPU = Debug|Any CPU
		Release|Any CPU = Release|Any CPU
	EndGlobalSection
	GlobalSection(ProjectConfigurationPlatforms) = postSolution
		{0F69A709-C236-422B-BA08-9D7D9A75ABCA}.Debug|Any CPU.ActiveCfg = Debug|Any CPU
		{0F69A709-C236-422B-BA08-9D7D9A75ABCA}.Debug|Any CPU.Build.0 = Debug|Any CPU
		{0F69A709-C236-422B-BA08-9D7D9A75ABCA}.Release|Any CPU.ActiveCfg = Release|Any CPU
		{0F69A709-C236-422B-BA08-9D7D9A75ABCA}.Release|Any CPU.Build.0 = Release|Any CPU
	EndGlobalSection
	GlobalSection(SolutionProperties) = preSolution
		HideSolutionNode = FALSE
	EndGlobalSection
	GlobalSection(ExtensibilityGlobals) = postSolution
		SolutionGuid = {A1603E30-D471-4A78-9575-8201E535893E}
	EndGlobalSection
EndGlobal
